github.com/GoKillers/libsodium-go v0.0.0-20171022220152-dd733721c3cb h1:ilqSFSbR1fq6x88heeHrvAqlg+ES+tZk2ZcaCmiH1gI=
github.com/GoKillers/libsodium-go v0.0.0-20171022220152-dd733721c3cb/go.mod h1:72TQeEkiDH9QMXZa5nJJvZre0UjqqO67X2QEIoOwCRU=
golang.org/x/crypto v0.32.0 h1:euUpcYgM8WcP71gNpTqQCn6rC2t6ULUPiOzfWaXVVfc=
golang.org/x/crypto v0.32.0/go.mod h1:ZnnJkOaASj8g0AjIduWNlq2NRxL0PlBrbKVyZ6V/Ugc=
